
Microsoft Visual Studio Solution File, Format Version 12.00
# Visual Studio Version 16
VisualStudioVersion = 16.0.31424.327
MinimumVisualStudioVersion = 10.0.40219.1
Project("{FAE04EC0-301F-11D3-BF4B-00C04F79EFBC}") = "MetodoAbstrato", "MetodoAbstrato\MetodoAbstrato.csproj", "{3D4F1FFB-608B-415B-83E8-AC05B6A92319}"
EndProject
Global
	GlobalSection(SolutionConfigurationPlatforms) = preSolution
		Debug|Any CPU = Debug|Any CPU
		Release|Any CPU = Release|Any CPU
	EndGlobalSection
	GlobalSection(ProjectConfigurationPlatforms) = postSolution
		{3D4F1FFB-608B-415B-83E8-AC05B6A92319}.Debug|Any CPU.ActiveCfg = Debug|Any CPU
		{3D4F1FFB-608B-415B-83E8-AC05B6A92319}.Debug|Any CPU.Build.0 = Debug|Any CPU
		{3D4F1FFB-608B-415B-83E8-AC05B6A92319}.Release|Any CPU.ActiveCfg = Release|Any CPU
		{3D4F1FFB-608B-415B-83E8-AC05B6A92319}.Release|Any CPU.Build.0 = Release|Any CPU
	EndGlobalSection
	GlobalSection(SolutionProperties) = preSolution
		HideSolutionNode = FALSE
	EndGlobalSection
	GlobalSection(ExtensibilityGlobals) = postSolution
		SolutionGuid = {8D9D0C66-E89A-49C8-93AC-B1978BFFA951}
	EndGlobalSection
EndGlobal
